// !$*UTF8*$!
{
	archiveVersion = 1;
	classes = {
	};
	objectVersion = 50;
	objects = {

/* Begin PBXBuildFile section */
		2B5941D22510B87A002B7D71 /* AppDelegate.m in Sources */ = {isa = PBXBuildFile; fileRef = 2B5941D12510B87A002B7D71 /* AppDelegate.m */; };
		2B5941D52510B87A002B7D71 /* SceneDelegate.m in Sources */ = {isa = PBXBuildFile; fileRef = 2B5941D42510B87A002B7D71 /* SceneDelegate.m */; };
		2B5941D82510B87A002B7D71 /* ViewController.m in Sources */ = {isa = PBXBuildFile; fileRef = 2B5941D72510B87A002B7D71 /* ViewController.m */; };
		2B5941DB2510B87A002B7D71 /* Main.storyboard in Resources */ = {isa = PBXBuildFile; fileRef = 2B5941D92510B87A002B7D71 /* Main.storyboard */; };
		2B5941DD2510B87B002B7D71 /* Assets.xcassets in Resources */ = {isa = PBXBuildFile; fileRef = 2B5941DC2510B87B002B7D71 /* Assets.xcassets */; };
		2B5941E02510B87B002B7D71 /* LaunchScreen.storyboard in Resources */ = {isa = PBXBuildFile; fileRef = 2B5941DE2510B87B002B7D71 /* LaunchScreen.storyboard */; };
		2B5941E32510B87B002B7D71 /* main.m in Sources */ = {isa = PBXBuildFile; fileRef = 2B5941E22510B87B002B7D71 /* main.m */; };
		2B5941ED2510B87B002B7D71 /* Sec0502HypnosisterTests.m in Sources */ = {isa = PBXBuildFile; fileRef = 2B5941EC2510B87B002B7D71 /* Sec0502HypnosisterTests.m */; };
		2B5941F82510B87B002B7D71 /* Sec0502HypnosisterUITests.m in Sources */ = {isa = PBXBuildFile; fileRef = 2B5941F72510B87B002B7D71 /* Sec0502HypnosisterUITests.m */; };
		2B5942072510B8B1002B7D71 /* Hyponosister.m in Sources */ = {isa = PBXBuildFile; fileRef = 2B5942062510B8B1002B7D71 /* Hyponosister.m */; };
/* End PBXBuildFile section */

/* Begin PBXContainerItemProxy section */
		2B5941E92510B87B002B7D71 /* PBXContainerItemProxy */ = {
			isa = PBXContainerItemProxy;
			containerPortal = 2B5941C52510B87A002B7D71 /* Project object */;
			proxyType = 1;
			remoteGlobalIDString = 2B5941CC2510B87A002B7D71;
			remoteInfo = Sec0501Hypnosister;
		};
		2B5941F42510B87B002B7D71 /* PBXContainerItemProxy */ = {
			isa = PBXContainerItemProxy;
			containerPortal = 2B5941C52510B87A002B7D71 /* Project object */;
			proxyType = 1;
			remoteGlobalIDString = 2B5941CC2510B87A002B7D71;
			remoteInfo = Sec0501Hypnosister;
		};
/* End PBXContainerItemProxy section */

/* Begin PBXFileReference section */
		2B5941CD2510B87A002B7D71 /* Sec0502Hypnosister.app */ = {isa = PBXFileReference; explicitFileType = wrapper.application; includeInIndex = 0; path = Sec0502Hypnosister.app; sourceTree = BUILT_PRODUCTS_DIR; };
		2B5941D02510B87A002B7D71 /* AppDelegate.h */ = {isa = PBXFileReference; lastKnownFileType = sourcecode.c.h; path = AppDelegate.h; sourceTree = "<group>"; };
		2B5941D12510B87A002B7D71 /* AppDelegate.m */ = {isa = PBXFileReference; lastKnownFileType = sourcecode.c.objc; path = AppDelegate.m; sourceTree = "<group>"; };
		2B5941D32510B87A002B7D71 /* SceneDelegate.h */ = {isa = PBXFileReference; lastKnownFileType = sourcecode.c.h; path = SceneDelegate.h; sourceTree = "<group>"; };
		2B5941D42510B87A002B7D71 /* SceneDelegate.m */ = {isa = PBXFileReference; lastKnownFileType = sourcecode.c.objc; path = SceneDelegate.m; sourceTree = "<group>"; };
		2B5941D62510B87A002B7D71 /* ViewController.h */ = {isa = PBXFileReference; lastKnownFileType = sourcecode.c.h; path = ViewController.h; sourceTree = "<group>"; };
		2B5941D72510B87A002B7D71 /* ViewController.m */ = {isa = PBXFileReference; lastKnownFileType = sourcecode.c.objc; path = ViewController.m; sourceTree = "<group>"; };
		2B5941DA2510B87A002B7D71 /* Base */ = {isa = PBXFileReference; lastKnownFileType = file.storyboard; name = Base; path = Base.lproj/Main.storyboard; sourceTree = "<group>"; };
		2B5941DC2510B87B002B7D71 /* Assets.xcassets */ = {isa = PBXFileReference; lastKnownFileType = folder.assetcatalog; path = Assets.xcassets; sourceTree = "<group>"; };
		2B5941DF2510B87B002B7D71 /* Base */ = {isa = PBXFileReference; lastKnownFileType = file.storyboard; name = Base; path = Base.lproj/LaunchScreen.storyboard; sourceTree = "<group>"; };
		2B5941E12510B87B002B7D71 /* Info.plist */ = {isa = PBXFileReference; lastKnownFileType = text.plist.xml; path = Info.plist; sourceTree = "<group>"; };
		2B5941E22510B87B002B7D71 /* main.m */ = {isa = PBXFileReference; lastKnownFileType = sourcecode.c.objc; path = main.m; sourceTree = "<group>"; };
		2B5941E82510B87B002B7D71 /* Sec0502HypnosisterTests.xctest */ = {isa = PBXFileReference; explicitFileType = wrapper.cfbundle; includeInIndex = 0; path = Sec0502HypnosisterTests.xctest; sourceTree = BUILT_PRODUCTS_DIR; };
		2B5941EC2510B87B002B7D71 /* Sec0502HypnosisterTests.m */ = {isa = PBXFileReference; lastKnownFileType = sourcecode.c.objc; path = Sec0502HypnosisterTests.m; sourceTree = "<group>"; };
		2B5941EE2510B87B002B7D71 /* Info.plist */ = {isa = PBXFileReference; lastKnownFileType = text.plist.xml; path = Info.plist; sourceTree = "<group>"; };
		2B5941F32510B87B002B7D71 /* Sec0502HypnosisterUITests.xctest */ = {isa = PBXFileReference; explicitFileType = wrapper.cfbundle; includeInIndex = 0; path = Sec0502HypnosisterUITests.xctest; sourceTree = BUILT_PRODUCTS_DIR; };
		2B5941F72510B87B002B7D71 /* Sec0502HypnosisterUITests.m */ = {isa = PBXFileReference; lastKnownFileType = sourcecode.c.objc; path = Sec0502HypnosisterUITests.m; sourceTree = "<group>"; };
		2B5941F92510B87B002B7D71 /* Info.plist */ = {isa = PBXFileReference; lastKnownFileType = text.plist.xml; path = Info.plist; sourceTree = "<group>"; };
		2B5942052510B8B1002B7D71 /* Hyponosister.h */ = {isa = PBXFileReference; lastKnownFileType = sourcecode.c.h; path = Hyponosister.h; sourceTree = "<group>"; };
		2B5942062510B8B1002B7D71 /* Hyponosister.m */ = {isa = PBXFileReference; lastKnownFileType = sourcecode.c.objc; path = Hyponosister.m; sourceTree = "<group>"; };
/* End PBXFileReference section */

/* Begin PBXFrameworksBuildPhase section */
		2B5941CA2510B87A002B7D71 /* Frameworks */ = {
			isa = PBXFrameworksBuildPhase;
			buildActionMask = 2147483647;
			files = (
			);
			runOnlyForDeploymentPostprocessing = 0;
		};
		2B5941E52510B87B002B7D71 /* Frameworks */ = {
			isa = PBXFrameworksBuildPhase;
			buildActionMask = 2147483647;
			files = (
			);
			runOnlyForDeploymentPostprocessing = 0;
		};
		2B5941F02510B87B002B7D71 /* Frameworks */ = {
			isa = PBXFrameworksBuildPhase;
			buildActionMask = 2147483647;
			files = (
			);
			runOnlyForDeploymentPostprocessing = 0;
		};
/* End PBXFrameworksBuildPhase section */

/* Begin PBXGroup section */
		2B5941C42510B87A002B7D71 = {
			isa = PBXGroup;
			children = (
				2B5941CF2510B87A002B7D71 /* Sec0502Hypnosister */,
				2B5941EB2510B87B002B7D71 /* Sec0502HypnosisterTests */,
				2B5941F62510B87B002B7D71 /* Sec0502HypnosisterUITests */,
				2B5941CE2510B87A002B7D71 /* Products */,
			);
			sourceTree = "<group>";
		};
		2B5941CE2510B87A002B7D71 /* Products */ = {
			isa = PBXGroup;
			children = (
				2B5941CD2510B87A002B7D71 /* Sec0502Hypnosister.app */,
				2B5941E82510B87B002B7D71 /* Sec0502HypnosisterTests.xctest */,
				2B5941F32510B87B002B7D71 /* Sec0502HypnosisterUITests.xctest */,
			);
			name = Products;
			sourceTree = "<group>";
		};
		2B5941CF2510B87A002B7D71 /* Sec0502Hypnosister */ = {
			isa = PBXGroup;
			children = (
				2B5941D02510B87A002B7D71 /* AppDelegate.h */,
				2B5941D12510B87A002B7D71 /* AppDelegate.m */,
				2B5941D32510B87A002B7D71 /* SceneDelegate.h */,
				2B5941D42510B87A002B7D71 /* SceneDelegate.m */,
				2B5941D62510B87A002B7D71 /* ViewController.h */,
				2B5941D72510B87A002B7D71 /* ViewController.m */,
				2B5941D92510B87A002B7D71 /* Main.storyboard */,
				2B5941DC2510B87B002B7D71 /* Assets.xcassets */,
				2B5941DE2510B87B002B7D71 /* LaunchScreen.storyboard */,
				2B5941E12510B87B002B7D71 /* Info.plist */,
				2B5941E22510B87B002B7D71 /* main.m */,
				2B5942052510B8B1002B7D71 /* Hyponosister.h */,
				2B5942062510B8B1002B7D71 /* Hyponosister.m */,
			);
			path = Sec0502Hypnosister;
			sourceTree = "<group>";
		};
		2B5941EB2510B87B002B7D71 /* Sec0502HypnosisterTests */ = {
			isa = PBXGroup;
			children = (
				2B5941EC2510B87B002B7D71 /* Sec0502HypnosisterTests.m */,
				2B5941EE2510B87B002B7D71 /* Info.plist */,
			);
			path = Sec0502HypnosisterTests;
			sourceTree = "<group>";
		};
		2B5941F62510B87B002B7D71 /* Sec0502HypnosisterUITests */ = {
			isa = PBXGroup;
			children = (
				2B5941F72510B87B002B7D71 /* Sec0502HypnosisterUITests.m */,
				2B5941F92510B87B002B7D71 /* Info.plist */,
			);
			path = Sec0502HypnosisterUITests;
			sourceTree = "<group>";
		};
/* End PBXGroup section */

/* Begin PBXNativeTarget section */
		2B5941CC2510B87A002B7D71 /* Sec0502Hypnosister */ = {
			isa = PBXNativeTarget;
			buildConfigurationList = 2B5941FC2510B87B002B7D71 /* Build configuration list for PBXNativeTarget "Sec0502Hypnosister" */;
			buildPhases = (
				2B5941C92510B87A002B7D71 /* Sources */,
				2B5941CA2510B87A002B7D71 /* Frameworks */,
				2B5941CB2510B87A002B7D71 /* Resources */,
			);
			buildRules = (
			);
			dependencies = (
			);
			name = Sec0502Hypnosister;
			productName = Sec0501Hypnosister;
			productReference = 2B5941CD2510B87A002B7D71 /* Sec0502Hypnosister.app */;
			productType = "com.apple.product-type.application";
		};
		2B5941E72510B87B002B7D71 /* Sec0502HypnosisterTests */ = {
			isa = PBXNativeTarget;
			buildConfigurationList = 2B5941FF2510B87B002B7D71 /* Build configuration list for PBXNativeTarget "Sec0502HypnosisterTests" */;
			buildPhases = (
				2B5941E42510B87B002B7D71 /* Sources */,
				2B5941E52510B87B002B7D71 /* Frameworks */,
				2B5941E62510B87B002B7D71 /* Resources */,
			);
			buildRules = (
			);
			dependencies = (
				2B5941EA2510B87B002B7D71 /* PBXTargetDependency */,
			);
			name = Sec0502HypnosisterTests;
			productName = Sec0501HypnosisterTests;
			productReference = 2B5941E82510B87B002B7D71 /* Sec0502HypnosisterTests.xctest */;
			productType = "com.apple.product-type.bundle.unit-test";
		};
		2B5941F22510B87B002B7D71 /* Sec0502HypnosisterUITests */ = {
			isa = PBXNativeTarget;
			buildConfigurationList = 2B5942022510B87B002B7D71 /* Build configuration list for PBXNativeTarget "Sec0502HypnosisterUITests" */;
			buildPhases = (
				2B5941EF2510B87B002B7D71 /* Sources */,
				2B5941F02510B87B002B7D71 /* Frameworks */,
				2B5941F12510B87B002B7D71 /* Resources */,
			);
			buildRules = (
			);
			dependencies = (
				2B5941F52510B87B002B7D71 /* PBXTargetDependency */,
			);
			name = Sec0502HypnosisterUITests;
			productName = Sec0501HypnosisterUITests;
			productReference = 2B5941F32510B87B002B7D71 /* Sec0502HypnosisterUITests.xctest */;
			productType = "com.apple.product-type.bundle.ui-testing";
		};
/* End PBXNativeTarget section */

/* Begin PBXProject section */
		2B5941C52510B87A002B7D71 /* Project object */ = {
			isa = PBXProject;
			attributes = {
				LastUpgradeCheck = 1160;
				ORGANIZATIONNAME = bytedance;
				TargetAttributes = {
					2B5941CC2510B87A002B7D71 = {
						CreatedOnToolsVersion = 11.6;
					};
					2B5941E72510B87B002B7D71 = {
						CreatedOnToolsVersion = 11.6;
						TestTargetID = 2B5941CC2510B87A002B7D71;
					};
					2B5941F22510B87B002B7D71 = {
						CreatedOnToolsVersion = 11.6;
						TestTargetID = 2B5941CC2510B87A002B7D71;
					};
				};
			};
			buildConfigurationList = 2B5941C82510B87A002B7D71 /* Build configuration list for PBXProject "Sec0502Hypnosister" */;
			compatibilityVersion = "Xcode 9.3";
			developmentRegion = en;
			hasScannedForEncodings = 0;
			knownRegions = (
				en,
				Base,
			);
			mainGroup = 2B5941C42510B87A002B7D71;
			productRefGroup = 2B5941CE2510B87A002B7D71 /* Products */;
			projectDirPath = "";
			projectRoot = "";
			targets = (
				2B5941CC2510B87A002B7D71 /* Sec0502Hypnosister */,
				2B5941E72510B87B002B7D71 /* Sec0502HypnosisterTests */,
				2B5941F22510B87B002B7D71 /* Sec0502HypnosisterUITests */,
			);
		};
/* End PBXProject section */

/* Begin PBXResourcesBuildPhase section */
		2B5941CB2510B87A002B7D71 /* Resources */ = {
			isa = PBXResourcesBuildPhase;
			buildActionMask = 2147483647;
			files = (
				2B5941E02510B87B002B7D71 /* LaunchScreen.storyboard in Resources */,
				2B5941DD2510B87B002B7D71 /* Assets.xcassets in Resources */,
				2B5941DB2510B87A002B7D71 /* Main.storyboard in Resources */,
			);
			runOnlyForDeploymentPostprocessing = 0;
		};
		2B5941E62510B87B002B7D71 /* Resources */ = {
			isa = PBXResourcesBuildPhase;
			buildActionMask = 2147483647;
			files = (
			);
			runOnlyForDeploymentPostprocessing = 0;
		};
		2B5941F12510B87B002B7D71 /* Resources */ = {
			isa = PBXResourcesBuildPhase;
			buildActionMask = 2147483647;
			files = (
			);
			runOnlyForDeploymentPostprocessing = 0;
		};
/* End PBXResourcesBuildPhase section */

/* Begin PBXSourcesBuildPhase section */
		2B5941C92510B87A002B7D71 /* Sources */ = {
			isa = PBXSourcesBuildPhase;
			buildActionMask = 2147483647;
			files = (
				2B5942072510B8B1002B7D71 /* Hyponosister.m in Sources */,
				2B5941D82510B87A002B7D71 /* ViewController.m in Sources */,
				2B5941D22510B87A002B7D71 /* AppDelegate.m in Sources */,
				2B5941E32510B87B002B7D71 /* main.m in Sources */,
				2B5941D52510B87A002B7D71 /* SceneDelegate.m in Sources */,
			);
			runOnlyForDeploymentPostprocessing = 0;
		};
		2B5941E42510B87B002B7D71 /* Sources */ = {
			isa = PBXSourcesBuildPhase;
			buildActionMask = 2147483647;
			files = (
				2B5941ED2510B87B002B7D71 /* Sec0502HypnosisterTests.m in Sources */,
			);
			runOnlyForDeploymentPostprocessing = 0;
		};
		2B5941EF2510B87B002B7D71 /* Sources */ = {
			isa = PBXSourcesBuildPhase;
			buildActionMask = 2147483647;
			files = (
				2B5941F82510B87B002B7D71 /* Sec0502HypnosisterUITests.m in Sources */,
			);
			runOnlyForDeploymentPostprocessing = 0;
		};
/* End PBXSourcesBuildPhase section */

/* Begin PBXTargetDependency section */
		2B5941EA2510B87B002B7D71 /* PBXTargetDependency */ = {
			isa = PBXTargetDependency;
			target = 2B5941CC2510B87A002B7D71 /* Sec0502Hypnosister */;
			targetProxy = 2B5941E92510B87B002B7D71 /* PBXContainerItemProxy */;
		};
		2B5941F52510B87B002B7D71 /* PBXTargetDependency */ = {
			isa = PBXTargetDependency;
			target = 2B5941CC2510B87A002B7D71 /* Sec0502Hypnosister */;
			targetProxy = 2B5941F42510B87B002B7D71 /* PBXContainerItemProxy */;
		};
/* End PBXTargetDependency section */

/* Begin PBXVariantGroup section */
		2B5941D92510B87A002B7D71 /* Main.storyboard */ = {
			isa = PBXVariantGroup;
			children = (
				2B5941DA2510B87A002B7D71 /* Base */,
			);
			name = Main.storyboard;
			sourceTree = "<group>";
		};
		2B5941DE2510B87B002B7D71 /* LaunchScreen.storyboard */ = {
			isa = PBXVariantGroup;
			children = (
				2B5941DF2510B87B002B7D71 /* Base */,
			);
			name = LaunchScreen.storyboard;
			sourceTree = "<group>";
		};
/* End PBXVariantGroup section */

/* Begin XCBuildConfiguration section */
		2B5941FA2510B87B002B7D71 /* Debug */ = {
			isa = XCBuildConfiguration;
			buildSettings = {
				ALWAYS_SEARCH_USER_PATHS = NO;
				CLANG_ANALYZER_NONNULL = YES;
				CLANG_ANALYZER_NUMBER_OBJECT_CONVERSION = YES_AGGRESSIVE;
				CLANG_CXX_LANGUAGE_STANDARD = "gnu++14";
				CLANG_CXX_LIBRARY = "libc++";
				CLANG_ENABLE_MODULES = YES;
				CLANG_ENABLE_OBJC_ARC = YES;
				CLANG_ENABLE_OBJC_WEAK = YES;
				CLANG_WARN_BLOCK_CAPTURE_AUTORELEASING = YES;
				CLANG_WARN_BOOL_CONVERSION = YES;
				CLANG_WARN_COMMA = YES;
				CLANG_WARN_CONSTANT_CONVERSION = YES;
				CLANG_WARN_DEPRECATED_OBJC_IMPLEMENTATIONS = YES;
				CLANG_WARN_DIRECT_OBJC_ISA_USAGE = YES_ERROR;
				CLANG_WARN_DOCUMENTATION_COMMENTS = YES;
				CLANG_WARN_EMPTY_BODY = YES;
				CLANG_WARN_ENUM_CONVERSION = YES;
				CLANG_WARN_INFINITE_RECURSION = YES;
				CLANG_WARN_INT_CONVERSION = YES;
				CLANG_WARN_NON_LITERAL_NULL_CONVERSION = YES;
				CLANG_WARN_OBJC_IMPLICIT_RETAIN_SELF = YES;
				CLANG_WARN_OBJC_LITERAL_CONVERSION = YES;
				CLANG_WARN_OBJC_ROOT_CLASS = YES_ERROR;
				CLANG_WARN_RANGE_LOOP_ANALYSIS = YES;
				CLANG_WARN_STRICT_PROTOTYPES = YES;
				CLANG_WARN_SUSPICIOUS_MOVE = YES;
				CLANG_WARN_UNGUARDED_AVAILABILITY = YES_AGGRESSIVE;
				CLANG_WARN_UNREACHABLE_CODE = YES;
				CLANG_WARN__DUPLICATE_METHOD_MATCH = YES;
				COPY_PHASE_STRIP = NO;
				DEBUG_INFORMATION_FORMAT = dwarf;
				ENABLE_STRICT_OBJC_MSGSEND = YES;
				ENABLE_TESTABILITY = YES;
				GCC_C_LANGUAGE_STANDARD = gnu11;
				GCC_DYNAMIC_NO_PIC = NO;
				GCC_NO_COMMON_BLOCKS = YES;
				GCC_OPTIMIZATION_LEVEL = 0;
				GCC_PREPROCESSOR_DEFINITIONS = (
					"DEBUG=1",
					"$(inherited)",
				);
				GCC_WARN_64_TO_32_BIT_CONVERSION = YES;
				GCC_WARN_ABOUT_RETURN_TYPE = YES_ERROR;
				GCC_WARN_UNDECLARED_SELECTOR = YES;
				GCC_WARN_UNINITIALIZED_AUTOS = YES_AGGRESSIVE;
				GCC_WARN_UNUSED_FUNCTION = YES;
				GCC_WARN_UNUSED_VARIABLE = YES;
				IPHONEOS_DEPLOYMENT_TARGET = 13.6;
				MTL_ENABLE_DEBUG_INFO = INCLUDE_SOURCE;
				MTL_FAST_MATH = YES;
				ONLY_ACTIVE_ARCH = YES;
				SDKROOT = iphoneos;
			};
			name = Debug;
		};
		2B5941FB2510B87B002B7D71 /* Release */ = {
			isa = XCBuildConfiguration;
			buildSettings = {
				ALWAYS_SEARCH_USER_PATHS = NO;
				CLANG_ANALYZER_NONNULL = YES;
				CLANG_ANALYZER_NUMBER_OBJECT_CONVERSION = YES_AGGRESSIVE;
				CLANG_CXX_LANGUAGE_STANDARD = "gnu++14";
				CLANG_CXX_LIBRARY = "libc++";
				CLANG_ENABLE_MODULES = YES;
				CLANG_ENABLE_OBJC_ARC = YES;
				CLANG_ENABLE_OBJC_WEAK = YES;
				CLANG_WARN_BLOCK_CAPTURE_AUTORELEASING = YES;
				CLANG_WARN_BOOL_CONVERSION = YES;
				CLANG_WARN_COMMA = YES;
				CLANG_WARN_CONSTANT_CONVERSION = YES;
				CLANG_WARN_DEPRECATED_OBJC_IMPLEMENTATIONS = YES;
				CLANG_WARN_DIRECT_OBJC_ISA_USAGE = YES_ERROR;
				CLANG_WARN_DOCUMENTATION_COMMENTS = YES;
				CLANG_WARN_EMPTY_BODY = YES;
				CLANG_WARN_ENUM_CONVERSION = YES;
				CLANG_WARN_INFINITE_RECURSION = YES;
				CLANG_WARN_INT_CONVERSION = YES;
				CLANG_WARN_NON_LITERAL_NULL_CONVERSION = YES;
				CLANG_WARN_OBJC_IMPLICIT_RETAIN_SELF = YES;
				CLANG_WARN_OBJC_LITERAL_CONVERSION = YES;
				CLANG_WARN_OBJC_ROOT_CLASS = YES_ERROR;
				CLANG_WARN_RANGE_LOOP_ANALYSIS = YES;
				CLANG_WARN_STRICT_PROTOTYPES = YES;
				CLANG_WARN_SUSPICIOUS_MOVE = YES;
				CLANG_WARN_UNGUARDED_AVAILABILITY = YES_AGGRESSIVE;
				CLANG_WARN_UNREACHABLE_CODE = YES;
				CLANG_WARN__DUPLICATE_METHOD_MATCH = YES;
				COPY_PHASE_STRIP = NO;
				DEBUG_INFORMATION_FORMAT = "dwarf-with-dsym";
				ENABLE_NS_ASSERTIONS = NO;
				ENABLE_STRICT_OBJC_MSGSEND = YES;
				GCC_C_LANGUAGE_STANDARD = gnu11;
				GCC_NO_COMMON_BLOCKS = YES;
				GCC_WARN_64_TO_32_BIT_CONVERSION = YES;
				GCC_WARN_ABOUT_RETURN_TYPE = YES_ERROR;
				GCC_WARN_UNDECLARED_SELECTOR = YES;
				GCC_WARN_UNINITIALIZED_AUTOS = YES_AGGRESSIVE;
				GCC_WARN_UNUSED_FUNCTION = YES;
				GCC_WARN_UNUSED_VARIABLE = YES;
				IPHONEOS_DEPLOYMENT_TARGET = 13.6;
				MTL_ENABLE_DEBUG_INFO = NO;
				MTL_FAST_MATH = YES;
				SDKROOT = iphoneos;
				VALIDATE_PRODUCT = YES;
			};
			name = Release;
		};
		2B5941FD2510B87B002B7D71 /* Debug */ = {
			isa = XCBuildConfiguration;
			buildSettings = {
				ASSETCATALOG_COMPILER_APPICON_NAME = AppIcon;
				CODE_SIGN_STYLE = Automatic;
				DEVELOPMENT_TEAM = 4BVGMNKAZS;
				INFOPLIST_FILE = Sec0502Hypnosister/Info.plist;
				LD_RUNPATH_SEARCH_PATHS = (
					"$(inherited)",
					"@executable_path/Frameworks",
				);
				PRODUCT_BUNDLE_IDENTIFIER = BT.Sec0502Hypnosister;
				PRODUCT_NAME = Sec0502Hypnosister;
				TARGETED_DEVICE_FAMILY = "1,2";
			};
			name = Debug;
		};
		2B5941FE2510B87B002B7D71 /* Release */ = {
			isa = XCBuildConfiguration;
			buildSettings = {
				ASSETCATALOG_COMPILER_APPICON_NAME = AppIcon;
				CODE_SIGN_STYLE = Automatic;
				DEVELOPMENT_TEAM = 4BVGMNKAZS;
				INFOPLIST_FILE = Sec0502Hypnosister/Info.plist;
				LD_RUNPATH_SEARCH_PATHS = (
					"$(inherited)",
					"@executable_path/Frameworks",
				);
				PRODUCT_BUNDLE_IDENTIFIER = BT.Sec0502Hypnosister;
				PRODUCT_NAME = Sec0502Hypnosister;
				TARGETED_DEVICE_FAMILY = "1,2";
			};
			name = Release;
		};
		2B5942002510B87B002B7D71 /* Debug */ = {
			isa = XCBuildConfiguration;
			buildSettings = {
				BUNDLE_LOADER = "$(TEST_HOST)";
				CODE_SIGN_STYLE = Automatic;
				DEVELOPMENT_TEAM = 4BVGMNKAZS;
				INFOPLIST_FILE = Sec0501HypnosisterTests/Info.plist;
				IPHONEOS_DEPLOYMENT_TARGET = 13.6;
				LD_RUNPATH_SEARCH_PATHS = (
					"$(inherited)",
					"@executable_path/Frameworks",
					"@loader_path/Frameworks",
				);
				PRODUCT_BUNDLE_IDENTIFIER = BT.Sec0501HypnosisterTests;
				PRODUCT_NAME = "$(TARGET_NAME)";
				TARGETED_DEVICE_FAMILY = "1,2";
				TEST_HOST = "$(BUILT_PRODUCTS_DIR)/Sec0502Hypnosister.app/Sec0502Hypnosister";
			};
			name = Debug;
		};
		2B5942012510B87B002B7D71 /* Release */ = {
			isa = XCBuildConfiguration;
			buildSettings = {
				BUNDLE_LOADER = "$(TEST_HOST)";
				CODE_SIGN_STYLE = Automatic;
				DEVELOPMENT_TEAM = 4BVGMNKAZS;
				INFOPLIST_FILE = Sec0501HypnosisterTests/Info.plist;
				IPHONEOS_DEPLOYMENT_TARGET = 13.6;
				LD_RUNPATH_SEARCH_PATHS = (
					"$(inherited)",
					"@executable_path/Frameworks",
					"@loader_path/Frameworks",
				);
				PRODUCT_BUNDLE_IDENTIFIER = BT.Sec0501HypnosisterTests;
				PRODUCT_NAME = "$(TARGET_NAME)";
				TARGETED_DEVICE_FAMILY = "1,2";
				TEST_HOST = "$(BUILT_PRODUCTS_DIR)/Sec0502Hypnosister.app/Sec0502Hypnosister";
			};
			name = Release;
		};
		2B5942032510B87B002B7D71 /* Debug */ = {
			isa = XCBuildConfiguration;
			buildSettings = {
				CODE_SIGN_STYLE = Automatic;
				DEVELOPMENT_TEAM = 4BVGMNKAZS;
				INFOPLIST_FILE = Sec0501HypnosisterUITests/Info.plist;
				LD_RUNPATH_SEARCH_PATHS = (
					"$(inherited)",
					"@executable_path/Frameworks",
					"@loader_path/Frameworks",
				);
				PRODUCT_BUNDLE_IDENTIFIER = BT.Sec0501HypnosisterUITests;
				PRODUCT_NAME = "$(TARGET_NAME)";
				TARGETED_DEVICE_FAMILY = "1,2";
				TEST_TARGET_NAME = Sec0501Hypnosister;
			};
			name = Debug;
		};
		2B5942042510B87B002B7D71 /* Release */ = {
			isa = XCBuildConfiguration;
			buildSettings = {
				CODE_SIGN_STYLE = Automatic;
				DEVELOPMENT_TEAM = 4BVGMNKAZS;
				INFOPLIST_FILE = Sec0501HypnosisterUITests/Info.plist;
				LD_RUNPATH_SEARCH_PATHS = (
					"$(inherited)",
					"@executable_path/Frameworks",
					"@loader_path/Frameworks",
				);
				PRODUCT_BUNDLE_IDENTIFIER = BT.Sec0501HypnosisterUITests;
				PRODUCT_NAME = "$(TARGET_NAME)";
				TARGETED_DEVICE_FAMILY = "1,2";
				TEST_TARGET_NAME = Sec0501Hypnosister;
			};
			name = Release;
		};
/* End XCBuildConfiguration section */

/* Begin XCConfigurationList section */
		2B5941C82510B87A002B7D71 /* Build configuration list for PBXProject "Sec0502Hypnosister" */ = {
			isa = XCConfigurationList;
			buildConfigurations = (
				2B5941FA2510B87B002B7D71 /* Debug */,
				2B5941FB2510B87B002B7D71 /* Release */,
			);
			defaultConfigurationIsVisible = 0;
			defaultConfigurationName = Release;
		};
		2B5941FC2510B87B002B7D71 /* Build configuration list for PBXNativeTarget "Sec0502Hypnosister" */ = {
			isa = XCConfigurationList;
			buildConfigurations = (
				2B5941FD2510B87B002B7D71 /* Debug */,
				2B5941FE2510B87B002B7D71 /* Release */,
			);
			defaultConfigurationIsVisible = 0;
			defaultConfigurationName = Release;
		};
		2B5941FF2510B87B002B7D71 /* Build configuration list for PBXNativeTarget "Sec0502HypnosisterTests" */ = {
			isa = XCConfigurationList;
			buildConfigurations = (
				2B5942002510B87B002B7D71 /* Debug */,
				2B5942012510B87B002B7D71 /* Release */,
			);
			defaultConfigurationIsVisible = 0;
			defaultConfigurationName = Release;
		};
		2B5942022510B87B002B7D71 /* Build configuration list for PBXNativeTarget "Sec0502HypnosisterUITests" */ = {
			isa = XCConfigurationList;
			buildConfigurations = (
				2B5942032510B87B002B7D71 /* Debug */,
				2B5942042510B87B002B7D71 /* Release */,
			);
			defaultConfigurationIsVisible = 0;
			defaultConfigurationName = Release;
		};
/* End XCConfigurationList section */
	};
	rootObject = 2B5941C52510B87A002B7D71 /* Project object */;
}
