// !$*UTF8*$!
{
	archiveVersion = 1;
	classes = {
	};
	objectVersion = 50;
	objects = {

/* Begin PBXBuildFile section */
		2B593E90251055A5002B7D71 /* AppDelegate.m in Sources */ = {isa = PBXBuildFile; fileRef = 2B593E8F251055A5002B7D71 /* AppDelegate.m */; };
		2B593E93251055A5002B7D71 /* SceneDelegate.m in Sources */ = {isa = PBXBuildFile; fileRef = 2B593E92251055A5002B7D71 /* SceneDelegate.m */; };
		2B593E96251055A5002B7D71 /* ViewController.m in Sources */ = {isa = PBXBuildFile; fileRef = 2B593E95251055A5002B7D71 /* ViewController.m */; };
		2B593E99251055A5002B7D71 /* Main.storyboard in Resources */ = {isa = PBXBuildFile; fileRef = 2B593E97251055A5002B7D71 /* Main.storyboard */; };
		2B593E9B251055A7002B7D71 /* Assets.xcassets in Resources */ = {isa = PBXBuildFile; fileRef = 2B593E9A251055A7002B7D71 /* Assets.xcassets */; };
		2B593E9E251055A7002B7D71 /* LaunchScreen.storyboard in Resources */ = {isa = PBXBuildFile; fileRef = 2B593E9C251055A7002B7D71 /* LaunchScreen.storyboard */; };
		2B593EA1251055A7002B7D71 /* main.m in Sources */ = {isa = PBXBuildFile; fileRef = 2B593EA0251055A7002B7D71 /* main.m */; };
		2B593EAB251055A7002B7D71 /* HypnosisViewTests.m in Sources */ = {isa = PBXBuildFile; fileRef = 2B593EAA251055A7002B7D71 /* HypnosisViewTests.m */; };
		2B593EB6251055A7002B7D71 /* HypnosisViewUITests.m in Sources */ = {isa = PBXBuildFile; fileRef = 2B593EB5251055A7002B7D71 /* HypnosisViewUITests.m */; };
		2B593EC525105601002B7D71 /* BNRHyypnosisView.m in Sources */ = {isa = PBXBuildFile; fileRef = 2B593EC425105601002B7D71 /* BNRHyypnosisView.m */; };
/* End PBXBuildFile section */

/* Begin PBXContainerItemProxy section */
		2B593EA7251055A7002B7D71 /* PBXContainerItemProxy */ = {
			isa = PBXContainerItemProxy;
			containerPortal = 2B593E83251055A5002B7D71 /* Project object */;
			proxyType = 1;
			remoteGlobalIDString = 2B593E8A251055A5002B7D71;
			remoteInfo = HypnosisView;
		};
		2B593EB2251055A7002B7D71 /* PBXContainerItemProxy */ = {
			isa = PBXContainerItemProxy;
			containerPortal = 2B593E83251055A5002B7D71 /* Project object */;
			proxyType = 1;
			remoteGlobalIDString = 2B593E8A251055A5002B7D71;
			remoteInfo = HypnosisView;
		};
/* End PBXContainerItemProxy section */

/* Begin PBXFileReference section */
		2B593E8B251055A5002B7D71 /* HypnosisView.app */ = {isa = PBXFileReference; explicitFileType = wrapper.application; includeInIndex = 0; path = HypnosisView.app; sourceTree = BUILT_PRODUCTS_DIR; };
		2B593E8E251055A5002B7D71 /* AppDelegate.h */ = {isa = PBXFileReference; lastKnownFileType = sourcecode.c.h; path = AppDelegate.h; sourceTree = "<group>"; };
		2B593E8F251055A5002B7D71 /* AppDelegate.m */ = {isa = PBXFileReference; lastKnownFileType = sourcecode.c.objc; path = AppDelegate.m; sourceTree = "<group>"; };
		2B593E91251055A5002B7D71 /* SceneDelegate.h */ = {isa = PBXFileReference; lastKnownFileType = sourcecode.c.h; path = SceneDelegate.h; sourceTree = "<group>"; };
		2B593E92251055A5002B7D71 /* SceneDelegate.m */ = {isa = PBXFileReference; lastKnownFileType = sourcecode.c.objc; path = SceneDelegate.m; sourceTree = "<group>"; };
		2B593E94251055A5002B7D71 /* ViewController.h */ = {isa = PBXFileReference; lastKnownFileType = sourcecode.c.h; path = ViewController.h; sourceTree = "<group>"; };
		2B593E95251055A5002B7D71 /* ViewController.m */ = {isa = PBXFileReference; lastKnownFileType = sourcecode.c.objc; path = ViewController.m; sourceTree = "<group>"; };
		2B593E98251055A5002B7D71 /* Base */ = {isa = PBXFileReference; lastKnownFileType = file.storyboard; name = Base; path = Base.lproj/Main.storyboard; sourceTree = "<group>"; };
		2B593E9A251055A7002B7D71 /* Assets.xcassets */ = {isa = PBXFileReference; lastKnownFileType = folder.assetcatalog; path = Assets.xcassets; sourceTree = "<group>"; };
		2B593E9D251055A7002B7D71 /* Base */ = {isa = PBXFileReference; lastKnownFileType = file.storyboard; name = Base; path = Base.lproj/LaunchScreen.storyboard; sourceTree = "<group>"; };
		2B593E9F251055A7002B7D71 /* Info.plist */ = {isa = PBXFileReference; lastKnownFileType = text.plist.xml; path = Info.plist; sourceTree = "<group>"; };
		2B593EA0251055A7002B7D71 /* main.m */ = {isa = PBXFileReference; lastKnownFileType = sourcecode.c.objc; path = main.m; sourceTree = "<group>"; };
		2B593EA6251055A7002B7D71 /* HypnosisViewTests.xctest */ = {isa = PBXFileReference; explicitFileType = wrapper.cfbundle; includeInIndex = 0; path = HypnosisViewTests.xctest; sourceTree = BUILT_PRODUCTS_DIR; };
		2B593EAA251055A7002B7D71 /* HypnosisViewTests.m */ = {isa = PBXFileReference; lastKnownFileType = sourcecode.c.objc; path = HypnosisViewTests.m; sourceTree = "<group>"; };
		2B593EAC251055A7002B7D71 /* Info.plist */ = {isa = PBXFileReference; lastKnownFileType = text.plist.xml; path = Info.plist; sourceTree = "<group>"; };
		2B593EB1251055A7002B7D71 /* HypnosisViewUITests.xctest */ = {isa = PBXFileReference; explicitFileType = wrapper.cfbundle; includeInIndex = 0; path = HypnosisViewUITests.xctest; sourceTree = BUILT_PRODUCTS_DIR; };
		2B593EB5251055A7002B7D71 /* HypnosisViewUITests.m */ = {isa = PBXFileReference; lastKnownFileType = sourcecode.c.objc; path = HypnosisViewUITests.m; sourceTree = "<group>"; };
		2B593EB7251055A7002B7D71 /* Info.plist */ = {isa = PBXFileReference; lastKnownFileType = text.plist.xml; path = Info.plist; sourceTree = "<group>"; };
		2B593EC325105601002B7D71 /* BNRHyypnosisView.h */ = {isa = PBXFileReference; lastKnownFileType = sourcecode.c.h; path = BNRHyypnosisView.h; sourceTree = "<group>"; };
		2B593EC425105601002B7D71 /* BNRHyypnosisView.m */ = {isa = PBXFileReference; lastKnownFileType = sourcecode.c.objc; path = BNRHyypnosisView.m; sourceTree = "<group>"; };
		2B593EC925108F29002B7D71 /* haizwang.jpg */ = {isa = PBXFileReference; lastKnownFileType = image.jpeg; path = haizwang.jpg; sourceTree = "<group>"; };
/* End PBXFileReference section */

/* Begin PBXFrameworksBuildPhase section */
		2B593E88251055A5002B7D71 /* Frameworks */ = {
			isa = PBXFrameworksBuildPhase;
			buildActionMask = 2147483647;
			files = (
			);
			runOnlyForDeploymentPostprocessing = 0;
		};
		2B593EA3251055A7002B7D71 /* Frameworks */ = {
			isa = PBXFrameworksBuildPhase;
			buildActionMask = 2147483647;
			files = (
			);
			runOnlyForDeploymentPostprocessing = 0;
		};
		2B593EAE251055A7002B7D71 /* Frameworks */ = {
			isa = PBXFrameworksBuildPhase;
			buildActionMask = 2147483647;
			files = (
			);
			runOnlyForDeploymentPostprocessing = 0;
		};
/* End PBXFrameworksBuildPhase section */

/* Begin PBXGroup section */
		2B593E82251055A5002B7D71 = {
			isa = PBXGroup;
			children = (
				2B593E8D251055A5002B7D71 /* HypnosisView */,
				2B593EA9251055A7002B7D71 /* HypnosisViewTests */,
				2B593EB4251055A7002B7D71 /* HypnosisViewUITests */,
				2B593E8C251055A5002B7D71 /* Products */,
			);
			sourceTree = "<group>";
		};
		2B593E8C251055A5002B7D71 /* Products */ = {
			isa = PBXGroup;
			children = (
				2B593E8B251055A5002B7D71 /* HypnosisView.app */,
				2B593EA6251055A7002B7D71 /* HypnosisViewTests.xctest */,
				2B593EB1251055A7002B7D71 /* HypnosisViewUITests.xctest */,
			);
			name = Products;
			sourceTree = "<group>";
		};
		2B593E8D251055A5002B7D71 /* HypnosisView */ = {
			isa = PBXGroup;
			children = (
				2B593EC325105601002B7D71 /* BNRHyypnosisView.h */,
				2B593EC425105601002B7D71 /* BNRHyypnosisView.m */,
				2B593E8E251055A5002B7D71 /* AppDelegate.h */,
				2B593E8F251055A5002B7D71 /* AppDelegate.m */,
				2B593E91251055A5002B7D71 /* SceneDelegate.h */,
				2B593E92251055A5002B7D71 /* SceneDelegate.m */,
				2B593E94251055A5002B7D71 /* ViewController.h */,
				2B593E95251055A5002B7D71 /* ViewController.m */,
				2B593E97251055A5002B7D71 /* Main.storyboard */,
				2B593E9A251055A7002B7D71 /* Assets.xcassets */,
				2B593EC925108F29002B7D71 /* haizwang.jpg */,
				2B593E9C251055A7002B7D71 /* LaunchScreen.storyboard */,
				2B593E9F251055A7002B7D71 /* Info.plist */,
				2B593EA0251055A7002B7D71 /* main.m */,
			);
			path = HypnosisView;
			sourceTree = "<group>";
		};
		2B593EA9251055A7002B7D71 /* HypnosisViewTests */ = {
			isa = PBXGroup;
			children = (
				2B593EAA251055A7002B7D71 /* HypnosisViewTests.m */,
				2B593EAC251055A7002B7D71 /* Info.plist */,
			);
			path = HypnosisViewTests;
			sourceTree = "<group>";
		};
		2B593EB4251055A7002B7D71 /* HypnosisViewUITests */ = {
			isa = PBXGroup;
			children = (
				2B593EB5251055A7002B7D71 /* HypnosisViewUITests.m */,
				2B593EB7251055A7002B7D71 /* Info.plist */,
			);
			path = HypnosisViewUITests;
			sourceTree = "<group>";
		};
/* End PBXGroup section */

/* Begin PBXNativeTarget section */
		2B593E8A251055A5002B7D71 /* HypnosisView */ = {
			isa = PBXNativeTarget;
			buildConfigurationList = 2B593EBA251055A7002B7D71 /* Build configuration list for PBXNativeTarget "HypnosisView" */;
			buildPhases = (
				2B593E87251055A5002B7D71 /* Sources */,
				2B593E88251055A5002B7D71 /* Frameworks */,
				2B593E89251055A5002B7D71 /* Resources */,
			);
			buildRules = (
			);
			dependencies = (
			);
			name = HypnosisView;
			productName = HypnosisView;
			productReference = 2B593E8B251055A5002B7D71 /* HypnosisView.app */;
			productType = "com.apple.product-type.application";
		};
		2B593EA5251055A7002B7D71 /* HypnosisViewTests */ = {
			isa = PBXNativeTarget;
			buildConfigurationList = 2B593EBD251055A7002B7D71 /* Build configuration list for PBXNativeTarget "HypnosisViewTests" */;
			buildPhases = (
				2B593EA2251055A7002B7D71 /* Sources */,
				2B593EA3251055A7002B7D71 /* Frameworks */,
				2B593EA4251055A7002B7D71 /* Resources */,
			);
			buildRules = (
			);
			dependencies = (
				2B593EA8251055A7002B7D71 /* PBXTargetDependency */,
			);
			name = HypnosisViewTests;
			productName = HypnosisViewTests;
			productReference = 2B593EA6251055A7002B7D71 /* HypnosisViewTests.xctest */;
			productType = "com.apple.product-type.bundle.unit-test";
		};
		2B593EB0251055A7002B7D71 /* HypnosisViewUITests */ = {
			isa = PBXNativeTarget;
			buildConfigurationList = 2B593EC0251055A7002B7D71 /* Build configuration list for PBXNativeTarget "HypnosisViewUITests" */;
			buildPhases = (
				2B593EAD251055A7002B7D71 /* Sources */,
				2B593EAE251055A7002B7D71 /* Frameworks */,
				2B593EAF251055A7002B7D71 /* Resources */,
			);
			buildRules = (
			);
			dependencies = (
				2B593EB3251055A7002B7D71 /* PBXTargetDependency */,
			);
			name = HypnosisViewUITests;
			productName = HypnosisViewUITests;
			productReference = 2B593EB1251055A7002B7D71 /* HypnosisViewUITests.xctest */;
			productType = "com.apple.product-type.bundle.ui-testing";
		};
/* End PBXNativeTarget section */

/* Begin PBXProject section */
		2B593E83251055A5002B7D71 /* Project object */ = {
			isa = PBXProject;
			attributes = {
				LastUpgradeCheck = 1160;
				ORGANIZATIONNAME = bytedance;
				TargetAttributes = {
					2B593E8A251055A5002B7D71 = {
						CreatedOnToolsVersion = 11.6;
					};
					2B593EA5251055A7002B7D71 = {
						CreatedOnToolsVersion = 11.6;
						TestTargetID = 2B593E8A251055A5002B7D71;
					};
					2B593EB0251055A7002B7D71 = {
						CreatedOnToolsVersion = 11.6;
						TestTargetID = 2B593E8A251055A5002B7D71;
					};
				};
			};
			buildConfigurationList = 2B593E86251055A5002B7D71 /* Build configuration list for PBXProject "HypnosisView" */;
			compatibilityVersion = "Xcode 9.3";
			developmentRegion = en;
			hasScannedForEncodings = 0;
			knownRegions = (
				en,
				Base,
			);
			mainGroup = 2B593E82251055A5002B7D71;
			productRefGroup = 2B593E8C251055A5002B7D71 /* Products */;
			projectDirPath = "";
			projectRoot = "";
			targets = (
				2B593E8A251055A5002B7D71 /* HypnosisView */,
				2B593EA5251055A7002B7D71 /* HypnosisViewTests */,
				2B593EB0251055A7002B7D71 /* HypnosisViewUITests */,
			);
		};
/* End PBXProject section */

/* Begin PBXResourcesBuildPhase section */
		2B593E89251055A5002B7D71 /* Resources */ = {
			isa = PBXResourcesBuildPhase;
			buildActionMask = 2147483647;
			files = (
				2B593E9E251055A7002B7D71 /* LaunchScreen.storyboard in Resources */,
				2B593E9B251055A7002B7D71 /* Assets.xcassets in Resources */,
				2B593E99251055A5002B7D71 /* Main.storyboard in Resources */,
			);
			runOnlyForDeploymentPostprocessing = 0;
		};
		2B593EA4251055A7002B7D71 /* Resources */ = {
			isa = PBXResourcesBuildPhase;
			buildActionMask = 2147483647;
			files = (
			);
			runOnlyForDeploymentPostprocessing = 0;
		};
		2B593EAF251055A7002B7D71 /* Resources */ = {
			isa = PBXResourcesBuildPhase;
			buildActionMask = 2147483647;
			files = (
			);
			runOnlyForDeploymentPostprocessing = 0;
		};
/* End PBXResourcesBuildPhase section */

/* Begin PBXSourcesBuildPhase section */
		2B593E87251055A5002B7D71 /* Sources */ = {
			isa = PBXSourcesBuildPhase;
			buildActionMask = 2147483647;
			files = (
				2B593E96251055A5002B7D71 /* ViewController.m in Sources */,
				2B593E90251055A5002B7D71 /* AppDelegate.m in Sources */,
				2B593EC525105601002B7D71 /* BNRHyypnosisView.m in Sources */,
				2B593EA1251055A7002B7D71 /* main.m in Sources */,
				2B593E93251055A5002B7D71 /* SceneDelegate.m in Sources */,
			);
			runOnlyForDeploymentPostprocessing = 0;
		};
		2B593EA2251055A7002B7D71 /* Sources */ = {
			isa = PBXSourcesBuildPhase;
			buildActionMask = 2147483647;
			files = (
				2B593EAB251055A7002B7D71 /* HypnosisViewTests.m in Sources */,
			);
			runOnlyForDeploymentPostprocessing = 0;
		};
		2B593EAD251055A7002B7D71 /* Sources */ = {
			isa = PBXSourcesBuildPhase;
			buildActionMask = 2147483647;
			files = (
				2B593EB6251055A7002B7D71 /* HypnosisViewUITests.m in Sources */,
			);
			runOnlyForDeploymentPostprocessing = 0;
		};
/* End PBXSourcesBuildPhase section */

/* Begin PBXTargetDependency section */
		2B593EA8251055A7002B7D71 /* PBXTargetDependency */ = {
			isa = PBXTargetDependency;
			target = 2B593E8A251055A5002B7D71 /* HypnosisView */;
			targetProxy = 2B593EA7251055A7002B7D71 /* PBXContainerItemProxy */;
		};
		2B593EB3251055A7002B7D71 /* PBXTargetDependency */ = {
			isa = PBXTargetDependency;
			target = 2B593E8A251055A5002B7D71 /* HypnosisView */;
			targetProxy = 2B593EB2251055A7002B7D71 /* PBXContainerItemProxy */;
		};
/* End PBXTargetDependency section */

/* Begin PBXVariantGroup section */
		2B593E97251055A5002B7D71 /* Main.storyboard */ = {
			isa = PBXVariantGroup;
			children = (
				2B593E98251055A5002B7D71 /* Base */,
			);
			name = Main.storyboard;
			sourceTree = "<group>";
		};
		2B593E9C251055A7002B7D71 /* LaunchScreen.storyboard */ = {
			isa = PBXVariantGroup;
			children = (
				2B593E9D251055A7002B7D71 /* Base */,
			);
			name = LaunchScreen.storyboard;
			sourceTree = "<group>";
		};
/* End PBXVariantGroup section */

/* Begin XCBuildConfiguration section */
		2B593EB8251055A7002B7D71 /* Debug */ = {
			isa = XCBuildConfiguration;
			buildSettings = {
				ALWAYS_SEARCH_USER_PATHS = NO;
				CLANG_ANALYZER_NONNULL = YES;
				CLANG_ANALYZER_NUMBER_OBJECT_CONVERSION = YES_AGGRESSIVE;
				CLANG_CXX_LANGUAGE_STANDARD = "gnu++14";
				CLANG_CXX_LIBRARY = "libc++";
				CLANG_ENABLE_MODULES = YES;
				CLANG_ENABLE_OBJC_ARC = YES;
				CLANG_ENABLE_OBJC_WEAK = YES;
				CLANG_WARN_BLOCK_CAPTURE_AUTORELEASING = YES;
				CLANG_WARN_BOOL_CONVERSION = YES;
				CLANG_WARN_COMMA = YES;
				CLANG_WARN_CONSTANT_CONVERSION = YES;
				CLANG_WARN_DEPRECATED_OBJC_IMPLEMENTATIONS = YES;
				CLANG_WARN_DIRECT_OBJC_ISA_USAGE = YES_ERROR;
				CLANG_WARN_DOCUMENTATION_COMMENTS = YES;
				CLANG_WARN_EMPTY_BODY = YES;
				CLANG_WARN_ENUM_CONVERSION = YES;
				CLANG_WARN_INFINITE_RECURSION = YES;
				CLANG_WARN_INT_CONVERSION = YES;
				CLANG_WARN_NON_LITERAL_NULL_CONVERSION = YES;
				CLANG_WARN_OBJC_IMPLICIT_RETAIN_SELF = YES;
				CLANG_WARN_OBJC_LITERAL_CONVERSION = YES;
				CLANG_WARN_OBJC_ROOT_CLASS = YES_ERROR;
				CLANG_WARN_RANGE_LOOP_ANALYSIS = YES;
				CLANG_WARN_STRICT_PROTOTYPES = YES;
				CLANG_WARN_SUSPICIOUS_MOVE = YES;
				CLANG_WARN_UNGUARDED_AVAILABILITY = YES_AGGRESSIVE;
				CLANG_WARN_UNREACHABLE_CODE = YES;
				CLANG_WARN__DUPLICATE_METHOD_MATCH = YES;
				COPY_PHASE_STRIP = NO;
				DEBUG_INFORMATION_FORMAT = dwarf;
				ENABLE_STRICT_OBJC_MSGSEND = YES;
				ENABLE_TESTABILITY = YES;
				GCC_C_LANGUAGE_STANDARD = gnu11;
				GCC_DYNAMIC_NO_PIC = NO;
				GCC_NO_COMMON_BLOCKS = YES;
				GCC_OPTIMIZATION_LEVEL = 0;
				GCC_PREPROCESSOR_DEFINITIONS = (
					"DEBUG=1",
					"$(inherited)",
				);
				GCC_WARN_64_TO_32_BIT_CONVERSION = YES;
				GCC_WARN_ABOUT_RETURN_TYPE = YES_ERROR;
				GCC_WARN_UNDECLARED_SELECTOR = YES;
				GCC_WARN_UNINITIALIZED_AUTOS = YES_AGGRESSIVE;
				GCC_WARN_UNUSED_FUNCTION = YES;
				GCC_WARN_UNUSED_VARIABLE = YES;
				IPHONEOS_DEPLOYMENT_TARGET = 13.6;
				MTL_ENABLE_DEBUG_INFO = INCLUDE_SOURCE;
				MTL_FAST_MATH = YES;
				ONLY_ACTIVE_ARCH = YES;
				SDKROOT = iphoneos;
			};
			name = Debug;
		};
		2B593EB9251055A7002B7D71 /* Release */ = {
			isa = XCBuildConfiguration;
			buildSettings = {
				ALWAYS_SEARCH_USER_PATHS = NO;
				CLANG_ANALYZER_NONNULL = YES;
				CLANG_ANALYZER_NUMBER_OBJECT_CONVERSION = YES_AGGRESSIVE;
				CLANG_CXX_LANGUAGE_STANDARD = "gnu++14";
				CLANG_CXX_LIBRARY = "libc++";
				CLANG_ENABLE_MODULES = YES;
				CLANG_ENABLE_OBJC_ARC = YES;
				CLANG_ENABLE_OBJC_WEAK = YES;
				CLANG_WARN_BLOCK_CAPTURE_AUTORELEASING = YES;
				CLANG_WARN_BOOL_CONVERSION = YES;
				CLANG_WARN_COMMA = YES;
				CLANG_WARN_CONSTANT_CONVERSION = YES;
				CLANG_WARN_DEPRECATED_OBJC_IMPLEMENTATIONS = YES;
				CLANG_WARN_DIRECT_OBJC_ISA_USAGE = YES_ERROR;
				CLANG_WARN_DOCUMENTATION_COMMENTS = YES;
				CLANG_WARN_EMPTY_BODY = YES;
				CLANG_WARN_ENUM_CONVERSION = YES;
				CLANG_WARN_INFINITE_RECURSION = YES;
				CLANG_WARN_INT_CONVERSION = YES;
				CLANG_WARN_NON_LITERAL_NULL_CONVERSION = YES;
				CLANG_WARN_OBJC_IMPLICIT_RETAIN_SELF = YES;
				CLANG_WARN_OBJC_LITERAL_CONVERSION = YES;
				CLANG_WARN_OBJC_ROOT_CLASS = YES_ERROR;
				CLANG_WARN_RANGE_LOOP_ANALYSIS = YES;
				CLANG_WARN_STRICT_PROTOTYPES = YES;
				CLANG_WARN_SUSPICIOUS_MOVE = YES;
				CLANG_WARN_UNGUARDED_AVAILABILITY = YES_AGGRESSIVE;
				CLANG_WARN_UNREACHABLE_CODE = YES;
				CLANG_WARN__DUPLICATE_METHOD_MATCH = YES;
				COPY_PHASE_STRIP = NO;
				DEBUG_INFORMATION_FORMAT = "dwarf-with-dsym";
				ENABLE_NS_ASSERTIONS = NO;
				ENABLE_STRICT_OBJC_MSGSEND = YES;
				GCC_C_LANGUAGE_STANDARD = gnu11;
				GCC_NO_COMMON_BLOCKS = YES;
				GCC_WARN_64_TO_32_BIT_CONVERSION = YES;
				GCC_WARN_ABOUT_RETURN_TYPE = YES_ERROR;
				GCC_WARN_UNDECLARED_SELECTOR = YES;
				GCC_WARN_UNINITIALIZED_AUTOS = YES_AGGRESSIVE;
				GCC_WARN_UNUSED_FUNCTION = YES;
				GCC_WARN_UNUSED_VARIABLE = YES;
				IPHONEOS_DEPLOYMENT_TARGET = 13.6;
				MTL_ENABLE_DEBUG_INFO = NO;
				MTL_FAST_MATH = YES;
				SDKROOT = iphoneos;
				VALIDATE_PRODUCT = YES;
			};
			name = Release;
		};
		2B593EBB251055A7002B7D71 /* Debug */ = {
			isa = XCBuildConfiguration;
			buildSettings = {
				ASSETCATALOG_COMPILER_APPICON_NAME = AppIcon;
				CODE_SIGN_STYLE = Automatic;
				DEVELOPMENT_TEAM = 4BVGMNKAZS;
				INFOPLIST_FILE = HypnosisView/Info.plist;
				LD_RUNPATH_SEARCH_PATHS = (
					"$(inherited)",
					"@executable_path/Frameworks",
				);
				PRODUCT_BUNDLE_IDENTIFIER = BT.HypnosisView;
				PRODUCT_NAME = "$(TARGET_NAME)";
				TARGETED_DEVICE_FAMILY = "1,2";
			};
			name = Debug;
		};
		2B593EBC251055A7002B7D71 /* Release */ = {
			isa = XCBuildConfiguration;
			buildSettings = {
				ASSETCATALOG_COMPILER_APPICON_NAME = AppIcon;
				CODE_SIGN_STYLE = Automatic;
				DEVELOPMENT_TEAM = 4BVGMNKAZS;
				INFOPLIST_FILE = HypnosisView/Info.plist;
				LD_RUNPATH_SEARCH_PATHS = (
					"$(inherited)",
					"@executable_path/Frameworks",
				);
				PRODUCT_BUNDLE_IDENTIFIER = BT.HypnosisView;
				PRODUCT_NAME = "$(TARGET_NAME)";
				TARGETED_DEVICE_FAMILY = "1,2";
			};
			name = Release;
		};
		2B593EBE251055A7002B7D71 /* Debug */ = {
			isa = XCBuildConfiguration;
			buildSettings = {
				BUNDLE_LOADER = "$(TEST_HOST)";
				CODE_SIGN_STYLE = Automatic;
				DEVELOPMENT_TEAM = 4BVGMNKAZS;
				INFOPLIST_FILE = HypnosisViewTests/Info.plist;
				IPHONEOS_DEPLOYMENT_TARGET = 13.6;
				LD_RUNPATH_SEARCH_PATHS = (
					"$(inherited)",
					"@executable_path/Frameworks",
					"@loader_path/Frameworks",
				);
				PRODUCT_BUNDLE_IDENTIFIER = BT.HypnosisViewTests;
				PRODUCT_NAME = "$(TARGET_NAME)";
				TARGETED_DEVICE_FAMILY = "1,2";
				TEST_HOST = "$(BUILT_PRODUCTS_DIR)/HypnosisView.app/HypnosisView";
			};
			name = Debug;
		};
		2B593EBF251055A7002B7D71 /* Release */ = {
			isa = XCBuildConfiguration;
			buildSettings = {
				BUNDLE_LOADER = "$(TEST_HOST)";
				CODE_SIGN_STYLE = Automatic;
				DEVELOPMENT_TEAM = 4BVGMNKAZS;
				INFOPLIST_FILE = HypnosisViewTests/Info.plist;
				IPHONEOS_DEPLOYMENT_TARGET = 13.6;
				LD_RUNPATH_SEARCH_PATHS = (
					"$(inherited)",
					"@executable_path/Frameworks",
					"@loader_path/Frameworks",
				);
				PRODUCT_BUNDLE_IDENTIFIER = BT.HypnosisViewTests;
				PRODUCT_NAME = "$(TARGET_NAME)";
				TARGETED_DEVICE_FAMILY = "1,2";
				TEST_HOST = "$(BUILT_PRODUCTS_DIR)/HypnosisView.app/HypnosisView";
			};
			name = Release;
		};
		2B593EC1251055A7002B7D71 /* Debug */ = {
			isa = XCBuildConfiguration;
			buildSettings = {
				CODE_SIGN_STYLE = Automatic;
				DEVELOPMENT_TEAM = 4BVGMNKAZS;
				INFOPLIST_FILE = HypnosisViewUITests/Info.plist;
				LD_RUNPATH_SEARCH_PATHS = (
					"$(inherited)",
					"@executable_path/Frameworks",
					"@loader_path/Frameworks",
				);
				PRODUCT_BUNDLE_IDENTIFIER = BT.HypnosisViewUITests;
				PRODUCT_NAME = "$(TARGET_NAME)";
				TARGETED_DEVICE_FAMILY = "1,2";
				TEST_TARGET_NAME = HypnosisView;
			};
			name = Debug;
		};
		2B593EC2251055A7002B7D71 /* Release */ = {
			isa = XCBuildConfiguration;
			buildSettings = {
				CODE_SIGN_STYLE = Automatic;
				DEVELOPMENT_TEAM = 4BVGMNKAZS;
				INFOPLIST_FILE = HypnosisViewUITests/Info.plist;
				LD_RUNPATH_SEARCH_PATHS = (
					"$(inherited)",
					"@executable_path/Frameworks",
					"@loader_path/Frameworks",
				);
				PRODUCT_BUNDLE_IDENTIFIER = BT.HypnosisViewUITests;
				PRODUCT_NAME = "$(TARGET_NAME)";
				TARGETED_DEVICE_FAMILY = "1,2";
				TEST_TARGET_NAME = HypnosisView;
			};
			name = Release;
		};
/* End XCBuildConfiguration section */

/* Begin XCConfigurationList section */
		2B593E86251055A5002B7D71 /* Build configuration list for PBXProject "HypnosisView" */ = {
			isa = XCConfigurationList;
			buildConfigurations = (
				2B593EB8251055A7002B7D71 /* Debug */,
				2B593EB9251055A7002B7D71 /* Release */,
			);
			defaultConfigurationIsVisible = 0;
			defaultConfigurationName = Release;
		};
		2B593EBA251055A7002B7D71 /* Build configuration list for PBXNativeTarget "HypnosisView" */ = {
			isa = XCConfigurationList;
			buildConfigurations = (
				2B593EBB251055A7002B7D71 /* Debug */,
				2B593EBC251055A7002B7D71 /* Release */,
			);
			defaultConfigurationIsVisible = 0;
			defaultConfigurationName = Release;
		};
		2B593EBD251055A7002B7D71 /* Build configuration list for PBXNativeTarget "HypnosisViewTests" */ = {
			isa = XCConfigurationList;
			buildConfigurations = (
				2B593EBE251055A7002B7D71 /* Debug */,
				2B593EBF251055A7002B7D71 /* Release */,
			);
			defaultConfigurationIsVisible = 0;
			defaultConfigurationName = Release;
		};
		2B593EC0251055A7002B7D71 /* Build configuration list for PBXNativeTarget "HypnosisViewUITests" */ = {
			isa = XCConfigurationList;
			buildConfigurations = (
				2B593EC1251055A7002B7D71 /* Debug */,
				2B593EC2251055A7002B7D71 /* Release */,
			);
			defaultConfigurationIsVisible = 0;
			defaultConfigurationName = Release;
		};
/* End XCConfigurationList section */
	};
	rootObject = 2B593E83251055A5002B7D71 /* Project object */;
}
